
Microsoft Visual Studio Solution File, Format Version 12.00
# Visual Studio Version 17
VisualStudioVersion = 17.1.32421.90
MinimumVisualStudioVersion = 10.0.40219.1
Project("{FAE04EC0-301F-11D3-BF4B-00C04F79EFBC}") = "BattleShip", "BattleShip\BattleShip.csproj", "{2D217127-9304-4461-848D-7F39F4134403}"
EndProject
Global
	GlobalSection(SolutionConfigurationPlatforms) = preSolution
		Debug|Any CPU = Debug|Any CPU
		Release|Any CPU = Release|Any CPU
	EndGlobalSection
	GlobalSection(ProjectConfigurationPlatforms) = postSolution
		{2D217127-9304-4461-848D-7F39F4134403}.Debug|Any CPU.ActiveCfg = Debug|Any CPU
		{2D217127-9304-4461-848D-7F39F4134403}.Debug|Any CPU.Build.0 = Debug|Any CPU
		{2D217127-9304-4461-848D-7F39F4134403}.Release|Any CPU.ActiveCfg = Release|Any CPU
		{2D217127-9304-4461-848D-7F39F4134403}.Release|Any CPU.Build.0 = Release|Any CPU
	EndGlobalSection
	GlobalSection(SolutionProperties) = preSolution
		HideSolutionNode = FALSE
	EndGlobalSection
	GlobalSection(ExtensibilityGlobals) = postSolution
		SolutionGuid = {7CE2E077-2FB9-4FDA-B691-D64E762506CA}
	EndGlobalSection
EndGlobal
